
Microsoft Visual Studio Solution File, Format Version 12.00
# Visual Studio Version 16
VisualStudioVersion = 16.0.31729.503
MinimumVisualStudioVersion = 10.0.40219.1
Project("{8BC9CEB8-8B4A-11D0-8D11-00A0C91BC942}") = "반복문", "반복문\반복문.vcxproj", "{54FE5742-96F5-4D66-B93A-3999C1BE04A1}"
EndProject
Global
	GlobalSection(SolutionConfigurationPlatforms) = preSolution
		Debug|x64 = Debug|x64
		Debug|x86 = Debug|x86
		Release|x64 = Release|x64
		Release|x86 = Release|x86
	EndGlobalSection
	GlobalSection(ProjectConfigurationPlatforms) = postSolution
		{54FE5742-96F5-4D66-B93A-3999C1BE04A1}.Debug|x64.ActiveCfg = Debug|x64
		{54FE5742-96F5-4D66-B93A-3999C1BE04A1}.Debug|x64.Build.0 = Debug|x64
		{54FE5742-96F5-4D66-B93A-3999C1BE04A1}.Debug|x86.ActiveCfg = Debug|Win32
		{54FE5742-96F5-4D66-B93A-3999C1BE04A1}.Debug|x86.Build.0 = Debug|Win32
		{54FE5742-96F5-4D66-B93A-3999C1BE04A1}.Release|x64.ActiveCfg = Release|x64
		{54FE5742-96F5-4D66-B93A-3999C1BE04A1}.Release|x64.Build.0 = Release|x64
		{54FE5742-96F5-4D66-B93A-3999C1BE04A1}.Release|x86.ActiveCfg = Release|Win32
		{54FE5742-96F5-4D66-B93A-3999C1BE04A1}.Release|x86.Build.0 = Release|Win32
	EndGlobalSection
	GlobalSection(SolutionProperties) = preSolution
		HideSolutionNode = FALSE
	EndGlobalSection
	GlobalSection(ExtensibilityGlobals) = postSolution
		SolutionGuid = {66D47D1E-7C49-44A4-8940-99FF4E00B8E6}
	EndGlobalSection
EndGlobal
